
Microsoft Visual Studio Solution File, Format Version 12.00
# Visual Studio Version 16
VisualStudioVersion = 16.0.31613.86
MinimumVisualStudioVersion = 10.0.40219.1
Project("{FAE04EC0-301F-11D3-BF4B-00C04F79EFBC}") = "Peergrade001", "Pergrade001\Peergrade001.csproj", "{17335204-E20F-4870-BE7A-32FE00EBD60D}"
EndProject
Global
	GlobalSection(SolutionConfigurationPlatforms) = preSolution
		Debug|Any CPU = Debug|Any CPU
		Release|Any CPU = Release|Any CPU
	EndGlobalSection
	GlobalSection(ProjectConfigurationPlatforms) = postSolution
		{17335204-E20F-4870-BE7A-32FE00EBD60D}.Debug|Any CPU.ActiveCfg = Debug|Any CPU
		{17335204-E20F-4870-BE7A-32FE00EBD60D}.Debug|Any CPU.Build.0 = Debug|Any CPU
		{17335204-E20F-4870-BE7A-32FE00EBD60D}.Release|Any CPU.ActiveCfg = Release|Any CPU
		{17335204-E20F-4870-BE7A-32FE00EBD60D}.Release|Any CPU.Build.0 = Release|Any CPU
	EndGlobalSection
	GlobalSection(SolutionProperties) = preSolution
		HideSolutionNode = FALSE
	EndGlobalSection
	GlobalSection(ExtensibilityGlobals) = postSolution
		SolutionGuid = {CFF87007-C121-4B74-915B-E1F8FF44B5A5}
	EndGlobalSection
EndGlobal
