
Microsoft Visual Studio Solution File, Format Version 12.00
# Visual Studio Version 16
VisualStudioVersion = 16.0.31613.86
MinimumVisualStudioVersion = 10.0.40219.1
Project("{FAE04EC0-301F-11D3-BF4B-00C04F79EFBC}") = "Peergrade002", "Peergrade002\Peergrade002.csproj", "{D29E7E51-A814-401C-A763-30EC01B4779C}"
EndProject
Global
	GlobalSection(SolutionConfigurationPlatforms) = preSolution
		Debug|Any CPU = Debug|Any CPU
		Release|Any CPU = Release|Any CPU
	EndGlobalSection
	GlobalSection(ProjectConfigurationPlatforms) = postSolution
		{D29E7E51-A814-401C-A763-30EC01B4779C}.Debug|Any CPU.ActiveCfg = Debug|Any CPU
		{D29E7E51-A814-401C-A763-30EC01B4779C}.Debug|Any CPU.Build.0 = Debug|Any CPU
		{D29E7E51-A814-401C-A763-30EC01B4779C}.Release|Any CPU.ActiveCfg = Release|Any CPU
		{D29E7E51-A814-401C-A763-30EC01B4779C}.Release|Any CPU.Build.0 = Release|Any CPU
	EndGlobalSection
	GlobalSection(SolutionProperties) = preSolution
		HideSolutionNode = FALSE
	EndGlobalSection
	GlobalSection(ExtensibilityGlobals) = postSolution
		SolutionGuid = {08624BED-B8C3-45E6-8513-401B898E2EED}
	EndGlobalSection
EndGlobal
