
Microsoft Visual Studio Solution File, Format Version 12.00
Project("{FAE04EC0-301F-11D3-BF4B-00C04F79EFBC}") = "Peergrade006", "Peergrade006\Peergrade006.csproj", "{C06BE116-EC6B-45CF-9400-A905DD7D237D}"
EndProject
Project("{FAE04EC0-301F-11D3-BF4B-00C04F79EFBC}") = "EKRLib", "EKRLib\EKRLib.csproj", "{35E3C0D3-8F7A-4F6B-B7CE-E5EB8F9AA5CC}"
EndProject
Global
	GlobalSection(SolutionConfigurationPlatforms) = preSolution
		Debug|Any CPU = Debug|Any CPU
		Release|Any CPU = Release|Any CPU
	EndGlobalSection
	GlobalSection(ProjectConfigurationPlatforms) = postSolution
		{C06BE116-EC6B-45CF-9400-A905DD7D237D}.Debug|Any CPU.ActiveCfg = Debug|Any CPU
		{C06BE116-EC6B-45CF-9400-A905DD7D237D}.Debug|Any CPU.Build.0 = Debug|Any CPU
		{C06BE116-EC6B-45CF-9400-A905DD7D237D}.Release|Any CPU.ActiveCfg = Release|Any CPU
		{C06BE116-EC6B-45CF-9400-A905DD7D237D}.Release|Any CPU.Build.0 = Release|Any CPU
		{35E3C0D3-8F7A-4F6B-B7CE-E5EB8F9AA5CC}.Debug|Any CPU.ActiveCfg = Debug|Any CPU
		{35E3C0D3-8F7A-4F6B-B7CE-E5EB8F9AA5CC}.Debug|Any CPU.Build.0 = Debug|Any CPU
		{35E3C0D3-8F7A-4F6B-B7CE-E5EB8F9AA5CC}.Release|Any CPU.ActiveCfg = Release|Any CPU
		{35E3C0D3-8F7A-4F6B-B7CE-E5EB8F9AA5CC}.Release|Any CPU.Build.0 = Release|Any CPU
	EndGlobalSection
EndGlobal
